
Microsoft Visual Studio Solution File, Format Version 12.00
# Visual Studio Version 17
VisualStudioVersion = 17.9.34723.18
MinimumVisualStudioVersion = 10.0.40219.1
Project("{FAE04EC0-301F-11D3-BF4B-00C04F79EFBC}") = "GUI", "GUI\GUI.csproj", "{86868B36-24D3-4FDF-BAAE-66A4657C9B7C}"
EndProject
Project("{FAE04EC0-301F-11D3-BF4B-00C04F79EFBC}") = "DAL", "DAL\DAL.csproj", "{364A5989-611D-4083-A0D6-8A506798D349}"
EndProject
Project("{FAE04EC0-301F-11D3-BF4B-00C04F79EFBC}") = "BLL", "BLL\BLL.csproj", "{E105C768-DABB-4B62-9732-6EED462DDF3F}"
EndProject
Global
	GlobalSection(SolutionConfigurationPlatforms) = preSolution
		Debug|Any CPU = Debug|Any CPU
		Release|Any CPU = Release|Any CPU
	EndGlobalSection
	GlobalSection(ProjectConfigurationPlatforms) = postSolution
		{86868B36-24D3-4FDF-BAAE-66A4657C9B7C}.Debug|Any CPU.ActiveCfg = Debug|Any CPU
		{86868B36-24D3-4FDF-BAAE-66A4657C9B7C}.Debug|Any CPU.Build.0 = Debug|Any CPU
		{86868B36-24D3-4FDF-BAAE-66A4657C9B7C}.Release|Any CPU.ActiveCfg = Release|Any CPU
		{86868B36-24D3-4FDF-BAAE-66A4657C9B7C}.Release|Any CPU.Build.0 = Release|Any CPU
		{364A5989-611D-4083-A0D6-8A506798D349}.Debug|Any CPU.ActiveCfg = Debug|Any CPU
		{364A5989-611D-4083-A0D6-8A506798D349}.Debug|Any CPU.Build.0 = Debug|Any CPU
		{364A5989-611D-4083-A0D6-8A506798D349}.Release|Any CPU.ActiveCfg = Release|Any CPU
		{364A5989-611D-4083-A0D6-8A506798D349}.Release|Any CPU.Build.0 = Release|Any CPU
		{E105C768-DABB-4B62-9732-6EED462DDF3F}.Debug|Any CPU.ActiveCfg = Debug|Any CPU
		{E105C768-DABB-4B62-9732-6EED462DDF3F}.Debug|Any CPU.Build.0 = Debug|Any CPU
		{E105C768-DABB-4B62-9732-6EED462DDF3F}.Release|Any CPU.ActiveCfg = Release|Any CPU
		{E105C768-DABB-4B62-9732-6EED462DDF3F}.Release|Any CPU.Build.0 = Release|Any CPU
	EndGlobalSection
	GlobalSection(SolutionProperties) = preSolution
		HideSolutionNode = FALSE
	EndGlobalSection
	GlobalSection(ExtensibilityGlobals) = postSolution
		SolutionGuid = {1C64F848-FC7E-4327-BB26-8B9E90E075AA}
	EndGlobalSection
EndGlobal
